{
  "version": 4,
  "terraform_version": "1.3.7",
  "serial": 3742,
  "lineage": "afbbb5a0-9319-78d2-2e7e-9f46a8bbe946",
  "outputs": {},
  "resources": [
    {
      "mode": "data",
      "type": "aws_availability_zones",
      "name": "name",
      "provider": "provider[\"registry.terraform.io/hashicorp/aws\"]",
      "instances": [
        {
          "schema_version": 0,
          "attributes": {
            "all_availability_zones": null,
            "exclude_names": null,
            "exclude_zone_ids": null,
            "filter": null,
            "group_names": [
              "us-east-1"
            ],
            "id": "us-east-1",
            "names": [
              "us-east-1a",
              "us-east-1b",
              "us-east-1c",
              "us-east-1d",
              "us-east-1e",
              "us-east-1f"
            ],
            "state": "available",
            "timeouts": null,
            "zone_ids": [
              "use1-az6",
              "use1-az1",
              "use1-az2",
              "use1-az4",
              "use1-az3",
              "use1-az5"
            ]
          },
          "sensitive_attributes": []
        }
      ]
    },
    {
      "mode": "data",
      "type": "aws_prefix_list",
      "name": "s3",
      "provider": "provider[\"registry.terraform.io/hashicorp/aws\"]",
      "instances": [
        {
          "schema_version": 0,
          "attributes": {
            "cidr_blocks": [
              "16.182.0.0/16",
              "18.34.0.0/19",
              "52.216.0.0/15",
              "54.231.0.0/16",
              "3.5.0.0/19",
              "18.34.232.0/21"
            ],
            "filter": null,
            "id": "pl-63a5400a",
            "name": "com.amazonaws.us-east-1.s3",
            "prefix_list_id": null,
            "timeouts": null
          },
          "sensitive_attributes": []
        }
      ]
    },
    {
      "mode": "data",
      "type": "aws_region",
      "name": "current",
      "provider": "provider[\"registry.terraform.io/hashicorp/aws\"]",
      "instances": [
        {
          "schema_version": 0,
          "attributes": {
            "description": "US East (N. Virginia)",
            "endpoint": "ec2.us-east-1.amazonaws.com",
            "id": "us-east-1",
            "name": "us-east-1"
          },
          "sensitive_attributes": []
        }
      ]
    },
    {
      "mode": "managed",
      "type": "aws_autoscaling_group",
      "name": "bboys-asg",
      "provider": "provider[\"registry.terraform.io/hashicorp/aws\"]",
      "instances": [
        {
          "schema_version": 0,
          "attributes": {
            "arn": "arn:aws:autoscaling:us-east-1:782863115905:autoScalingGroup:87c7f5f3-110a-446e-afb1-4e75ffd144ab:autoScalingGroupName/BBOYS-ASG",
            "availability_zones": [
              "us-east-1a",
              "us-east-1b"
            ],
            "capacity_rebalance": false,
            "context": "",
            "default_cooldown": 300,
            "default_instance_warmup": 360,
            "desired_capacity": 2,
            "desired_capacity_type": "",
            "enabled_metrics": null,
            "force_delete": false,
            "force_delete_warm_pool": false,
            "health_check_grace_period": 360,
            "health_check_type": "ELB",
            "id": "BBOYS-ASG",
            "initial_lifecycle_hook": [],
            "instance_refresh": [],
            "launch_configuration": "",
            "launch_template": [
              {
                "id": "lt-0e649b76793b9f096",
                "name": "bboys-ec2-launch-template",
                "version": "$Latest"
              }
            ],
            "load_balancers": null,
            "max_instance_lifetime": 0,
            "max_size": 2,
            "metrics_granularity": "1Minute",
            "min_elb_capacity": null,
            "min_size": 2,
            "mixed_instances_policy": [],
            "name": "BBOYS-ASG",
            "name_prefix": "",
            "placement_group": "",
            "protect_from_scale_in": false,
            "service_linked_role_arn": "arn:aws:iam::782863115905:role/aws-service-role/autoscaling.amazonaws.com/AWSServiceRoleForAutoScaling",
            "suspended_processes": null,
            "tag": [],
            "tags": null,
            "target_group_arns": [
              "arn:aws:elasticloadbalancing:us-east-1:782863115905:targetgroup/bboys-ec2-tg/0b30c87061c1fc1e"
            ],
            "termination_policies": null,
            "timeouts": null,
            "vpc_zone_identifier": [
              "subnet-0207e4e9a862ec1e4",
              "subnet-086d7cedb8486e84e"
            ],
            "wait_for_capacity_timeout": "10m",
            "wait_for_elb_capacity": null,
            "warm_pool": []
          },
          "sensitive_attributes": [],
          "private": "eyJlMmJmYjczMC1lY2FhLTExZTYtOGY4OC0zNDM2M2JjN2M0YzAiOnsiZGVsZXRlIjo2MDAwMDAwMDAwMDAsInVwZGF0ZSI6NjAwMDAwMDAwMDAwfX0=",
          "dependencies": [
            "aws_iam_instance_profile.launch-template-role",
            "aws_iam_role.bboys-iam-terraform-role",
            "aws_iam_role_policy.bboys-s3",
            "aws_launch_template.bboys-ec2-launch-template",
            "aws_lb.bboys-alb",
            "aws_lb_target_group.ec2-tg",
            "aws_s3_bucket.bboys-test",
            "aws_s3_bucket_policy.bboys-s3-bucket-policy",
            "aws_s3_object.s3-objects",
            "aws_security_group.bboys-ec2-sg",
            "aws_security_group.bboys-elb-sg",
            "aws_subnet.private",
            "aws_subnet.public",
            "aws_vpc.bboys-vpc",
            "data.aws_availability_zones.name"
          ]
        }
      ]
    },
    {
      "mode": "managed",
      "type": "aws_default_route_table",
      "name": "bboys-rt-main",
      "provider": "provider[\"registry.terraform.io/hashicorp/aws\"]",
      "instances": [
        {
          "schema_version": 0,
          "attributes": {
            "arn": "arn:aws:ec2:us-east-1:782863115905:route-table/rtb-0056995c6c9b7af25",
            "default_route_table_id": "rtb-0056995c6c9b7af25",
            "id": "rtb-0056995c6c9b7af25",
            "owner_id": "782863115905",
            "propagating_vgws": null,
            "route": [
              {
                "cidr_block": "0.0.0.0/0",
                "core_network_arn": "",
                "destination_prefix_list_id": "",
                "egress_only_gateway_id": "",
                "gateway_id": "igw-06380f4ac75864ca4",
                "instance_id": "",
                "ipv6_cidr_block": "",
                "nat_gateway_id": "",
                "network_interface_id": "",
                "transit_gateway_id": "",
                "vpc_endpoint_id": "",
                "vpc_peering_connection_id": ""
              }
            ],
            "tags": {
              "Name": "bboys-RT"
            },
            "tags_all": {
              "Name": "bboys-RT"
            },
            "timeouts": null,
            "vpc_id": "vpc-032e0a4897936137f"
          },
          "sensitive_attributes": [],
          "private": "eyJlMmJmYjczMC1lY2FhLTExZTYtOGY4OC0zNDM2M2JjN2M0YzAiOnsiY3JlYXRlIjoxMjAwMDAwMDAwMDAsInVwZGF0ZSI6MTIwMDAwMDAwMDAwfX0=",
          "dependencies": [
            "aws_internet_gateway.bboys-igw",
            "aws_subnet.private",
            "aws_subnet.public",
            "aws_vpc.bboys-vpc",
            "data.aws_availability_zones.name"
          ]
        }
      ]
    },
    {
      "mode": "managed",
      "type": "aws_default_security_group",
      "name": "default",
      "provider": "provider[\"registry.terraform.io/hashicorp/aws\"]",
      "instances": [
        {
          "schema_version": 1,
          "attributes": {
            "arn": "arn:aws:ec2:us-east-1:782863115905:security-group/sg-0c00e71713e525bdf",
            "description": "default VPC security group",
            "egress": [],
            "id": "sg-0c00e71713e525bdf",
            "ingress": [],
            "name": "default",
            "name_prefix": "",
            "owner_id": "782863115905",
            "revoke_rules_on_delete": false,
            "tags": {
              "Name": "bboys-Default-SG"
            },
            "tags_all": {
              "Name": "bboys-Default-SG"
            },
            "vpc_id": "vpc-032e0a4897936137f"
          },
          "sensitive_attributes": [],
          "private": "eyJzY2hlbWFfdmVyc2lvbiI6IjEifQ==",
          "dependencies": [
            "aws_vpc.bboys-vpc"
          ]
        }
      ]
    },
    {
      "mode": "managed",
      "type": "aws_iam_instance_profile",
      "name": "launch-template-role",
      "provider": "provider[\"registry.terraform.io/hashicorp/aws\"]",
      "instances": [
        {
          "schema_version": 0,
          "attributes": {
            "arn": "arn:aws:iam::782863115905:instance-profile/bboys-launch-template-role",
            "create_date": "2023-04-20T19:20:37Z",
            "id": "bboys-launch-template-role",
            "name": "bboys-launch-template-role",
            "name_prefix": null,
            "path": "/",
            "role": "bboys-iam-terraform-role",
            "tags": null,
            "tags_all": {},
            "unique_id": "AIPA3MRSHE2AR7LQA6LVG"
          },
          "sensitive_attributes": [],
          "private": "bnVsbA==",
          "dependencies": [
            "aws_iam_role.bboys-iam-terraform-role"
          ]
        }
      ]
    },
    {
      "mode": "managed",
      "type": "aws_iam_role",
      "name": "bboys-iam-terraform-role",
      "provider": "provider[\"registry.terraform.io/hashicorp/aws\"]",
      "instances": [
        {
          "schema_version": 0,
          "attributes": {
            "arn": "arn:aws:iam::782863115905:role/bboys-iam-terraform-role",
            "assume_role_policy": "{\"Statement\":[{\"Action\":\"sts:AssumeRole\",\"Effect\":\"Allow\",\"Principal\":{\"AWS\":\"arn:aws:sts::782863115905:assumed-role/AWSReservedSSO_Student_eee820b53800ca7b/jason.m.doyle1@gmail.com\",\"Service\":[\"apigateway.amazonaws.com\",\"lambda.amazonaws.com\",\"ec2.amazonaws.com\"]}}],\"Version\":\"2012-10-17\"}",
            "create_date": "2023-04-20T19:20:36Z",
            "description": "",
            "force_detach_policies": false,
            "id": "bboys-iam-terraform-role",
            "inline_policy": [],
            "managed_policy_arns": [],
            "max_session_duration": 3600,
            "name": "bboys-iam-terraform-role",
            "name_prefix": "",
            "path": "/",
            "permissions_boundary": null,
            "tags": null,
            "tags_all": {},
            "unique_id": "AROA3MRSHE2AXUN7VYGJJ"
          },
          "sensitive_attributes": [],
          "private": "bnVsbA=="
        }
      ]
    },
    {
      "mode": "managed",
      "type": "aws_iam_role_policy",
      "name": "bboys-ec2",
      "provider": "provider[\"registry.terraform.io/hashicorp/aws\"]",
      "instances": [
        {
          "schema_version": 0,
          "attributes": {
            "id": "bboys-iam-terraform-role:bboys-iam-policy-ec2",
            "name": "bboys-iam-policy-ec2",
            "name_prefix": null,
            "policy": "{\"Version\":\"2012-10-17\",\"Statement\":[{\"Action\":\"ec2:*\",\"Effect\":\"Allow\",\"Resource\":\"*\"},{\"Action\":\"elasticloadbalancing:*\",\"Effect\":\"Allow\",\"Resource\":\"*\"},{\"Action\":\"cloudwatch:*\",\"Effect\":\"Allow\",\"Resource\":\"*\"},{\"Action\":\"autoscaling:*\",\"Effect\":\"Allow\",\"Resource\":\"*\"},{\"Action\":\"iam:CreateServiceLinkedRole\",\"Condition\":{\"StringEquals\":{\"iam:AWSServiceName\":[\"autoscaling.amazonaws.com\",\"ec2scheduled.amazonaws.com\",\"elasticloadbalancing.amazonaws.com\",\"spot.amazonaws.com\",\"spotfleet.amazonaws.com\",\"transitgateway.amazonaws.com\"]}},\"Effect\":\"Allow\",\"Resource\":\"*\"}]}",
            "role": "bboys-iam-terraform-role"
          },
          "sensitive_attributes": [],
          "private": "bnVsbA==",
          "dependencies": [
            "aws_iam_role.bboys-iam-terraform-role"
          ]
        }
      ]
    },
    {
      "mode": "managed",
      "type": "aws_iam_role_policy",
      "name": "bboys-s3",
      "provider": "provider[\"registry.terraform.io/hashicorp/aws\"]",
      "instances": [
        {
          "schema_version": 0,
          "attributes": {
            "id": "bboys-iam-terraform-role:bboys-iam-s3-permissions",
            "name": "bboys-iam-s3-permissions",
            "name_prefix": null,
            "policy": "{\"Version\":\"2012-10-17\",\"Statement\":[{\"Action\":[\"s3:*\",\"s3-object-lambda:*\"],\"Effect\":\"Allow\",\"Resource\":\"*\"}]}",
            "role": "bboys-iam-terraform-role"
          },
          "sensitive_attributes": [],
          "private": "bnVsbA==",
          "dependencies": [
            "aws_iam_role.bboys-iam-terraform-role"
          ]
        }
      ]
    },
    {
      "mode": "managed",
      "type": "aws_iam_server_certificate",
      "name": "alb-cert",
      "provider": "provider[\"registry.terraform.io/hashicorp/aws\"]",
      "instances": [
        {
          "schema_version": 0,
          "attributes": {
            "arn": "arn:aws:iam::782863115905:server-certificate/bboys-alb-cert",
            "certificate_body": "-----BEGIN CERTIFICATE-----\nMIIESzCCAzOgAwIBAgIJAM5tSQun9NFkMA0GCSqGSIb3DQEBCwUAMIG7MQswCQYD\nVQQGEwItLTESMBAGA1UECAwJU29tZVN0YXRlMREwDwYDVQQHDAhTb21lQ2l0eTEZ\nMBcGA1UECgwQU29tZU9yZ2FuaXphdGlvbjEfMB0GA1UECwwWU29tZU9yZ2FuaXph\ndGlvbmFsVW5pdDEeMBwGA1UEAwwVbG9jYWxob3N0LmxvY2FsZG9tYWluMSkwJwYJ\nKoZIhvcNAQkBFhpyb290QGxvY2FsaG9zdC5sb2NhbGRvbWFpbjAeFw0yMzAzMDIx\nNDA1NDlaFw0yNDAzMDExNDA1NDlaMIG7MQswCQYDVQQGEwItLTESMBAGA1UECAwJ\nU29tZVN0YXRlMREwDwYDVQQHDAhTb21lQ2l0eTEZMBcGA1UECgwQU29tZU9yZ2Fu\naXphdGlvbjEfMB0GA1UECwwWU29tZU9yZ2FuaXphdGlvbmFsVW5pdDEeMBwGA1UE\nAwwVbG9jYWxob3N0LmxvY2FsZG9tYWluMSkwJwYJKoZIhvcNAQkBFhpyb290QGxv\nY2FsaG9zdC5sb2NhbGRvbWFpbjCCASIwDQYJKoZIhvcNAQEBBQADggEPADCCAQoC\nggEBAJrb5L0UVIQGNZtZg/jOgz5FuZGdhcQkJUb48dXDDAI+V4mIx6U7NaHQBAJL\nE+dapVpCbjUWPJHaZowOZTvEEAB/ihlK/tHL05L6PMW7qGkyoMcgaeb/+LSVoduA\nFNl4FfwMnws45XdE5LfR0VSMLP0YJOZaHriSPtULbjaaYOpXZ40q9mv3WN8oVM4R\nIRaxz4OASFtxeIvjmuZFLOw1qDS6OSME3EDN6x2T0M58KPKCxrdyFd4Vgpd+o4Es\na0f1yYD4r3pb4m1fSz7UbH73L0i2x31QTC/gjmgqm+08zYwcoMgLAlzwkNlkiqP2\nozyLFOZsztzi8KZRk8HYHCpWN3kCAwEAAaNQME4wHQYDVR0OBBYEFAyzJ2S7tAnN\nbkngb2lVxiZKqygSMB8GA1UdIwQYMBaAFAyzJ2S7tAnNbkngb2lVxiZKqygSMAwG\nA1UdEwQFMAMBAf8wDQYJKoZIhvcNAQELBQADggEBAIMIGp+OSGlvvsWvP4nHRaMq\nSOh6L3W1OEkIEhttSjtZ7q+dweQNGOln1Tz05Bfn39pK5QQmwWi1XpCC4hTJHvHN\nEOr8YMc1lpg7dj7foYYNc9p+SCnIbtVxHn8b4hic7xv6IDxAmrG+iQoqwMG4YZBI\nDT3ti/bmlQY8fCQMziGIFHntHhNJkGmZwwtSzIq6IK1dGtb+wnslvoTDAXJfNtaG\nGxpnX1FwKSkwj+sggTg5psC6pO9rDt60+ONoMwH942QoZJzvzNE1jabDQtTXaiqd\nTBx2DL5t7JJ7T+zabLnhX648l9GeNYOjUmz+VT2nYKdf0SvSoSAhCxgFXmgQzbw=\n-----END CERTIFICATE-----",
            "certificate_chain": "",
            "expiration": "2024-03-01T14:05:49Z",
            "id": "ASCA3MRSHE2A6JSRKBAXN",
            "name": "bboys-alb-cert",
            "name_prefix": "",
            "path": "/",
            "private_key": "-----BEGIN PRIVATE KEY-----\r\nMIIEvQIBADANBgkqhkiG9w0BAQEFAASCBKcwggSjAgEAAoIBAQCa2+S9FFSEBjWb\r\nWYP4zoM+RbmRnYXEJCVG+PHVwwwCPleJiMelOzWh0AQCSxPnWqVaQm41FjyR2maM\r\nDmU7xBAAf4oZSv7Ry9OS+jzFu6hpMqDHIGnm//i0laHbgBTZeBX8DJ8LOOV3ROS3\r\n0dFUjCz9GCTmWh64kj7VC242mmDqV2eNKvZr91jfKFTOESEWsc+DgEhbcXiL45rm\r\nRSzsNag0ujkjBNxAzesdk9DOfCjygsa3chXeFYKXfqOBLGtH9cmA+K96W+JtX0s+\r\n1Gx+9y9Itsd9UEwv4I5oKpvtPM2MHKDICwJc8JDZZIqj9qM8ixTmbM7c4vCmUZPB\r\n2BwqVjd5AgMBAAECggEAaTnJ8AEEfMGLY4gr+MC6xXGzapLS9jhpbBR0n3/thQi/\r\niqD6p/fXtaAXWUeSur4JZY+GO2Rku+bfj4OonjfXd78yI4WmKQCLP2/yI5okEXdp\r\ncGVCEMkWQf77AJ/DixHiPmaFG6cJpUWW9KEJ0J1/ZGsnh67s+RXGxBUESu4TtKep\r\nCZ8gHpt+j+gFUAWo6X1nLcWldy9AkipS3UIyKnCS6OWYLzmrpLE03TDgO0zJ8aqQ\r\nM1nIYpaQMXGK+dvDbUemBFiGMk7BIRzzVphQQ6PjpHQc9IRFj+b/ZWK3hjriZHt1\r\nrmEoRR4SUpw7IqRNYBxSn4JdrqT2rZ95BTH2xRtKkQKBgQDILDzDMYA/2UupmP4/\r\nP9NPn1Qvr+7jfFgU9ojyhOtQqPTJY3BFj6931uzoI4DE7DWkQVHmP1PK9zDvvqjU\r\nRIJwp3V4suuJ6RbbLq9648nz8UwwNUdNxUqSZF8ErO+DO/0Ec6TJ8WntaC/XA5V+\r\npU76DiybfGGi0s9X6KB8/v3m1wKBgQDGDGDFz0QigAp9fl0gb5BKbvDGQI6/dG3a\r\npr52QUmTTP4ogY2U7kHIwanj1ocw/DoJzNPMlHApfvODujJ67lLh8bA5FdKDbPRS\r\nDr5e+B7ReM5bWoQMrAxvJaeBxMiVlAoHeXNP6FPkcb45Ejq93v3RyqHaMp2OkH1j\r\nw3J3JBEaLwKBgQCZNlLjzFWviTCChVnFK6MfxIH5Zh3g/OGmWfUEO3ypZkjGhFgA\r\nxjO19EmsfNAo6es858o6A6qtJXrNZg9vOWjltScS1U+3ZTNbXGZwFz4Se1SnaYBE\r\nJIgpeK3JtFw3BIlrCODOuPss/ZvwZQvdvcWvW34FHLTWnaiaTrHYOow4TQKBgCzz\r\nhEeBisp122uucb6587shQR8OahgEeialsBcxLFz1nb5d4V/LUD0bz86504eHyDiP\r\nOAd4LZkNioH8khaa308PR1s9m8FeynmRhR4THROYYuYTPmON7WiQ2Fs46fohVsFp\r\njIW3issQEgfsHk8YPO4QGvpmgKJqIzuwkdt+4S7bAoGASgw8UVTloj5OnvS77SIb\r\nn8C7+ckFgl+23/JbAdftEftqW5JuedyrYnKHzg8BWa2qoft251pZnEG+02/hUdrl\r\nao98h6qfOQAYmM1EUvF4UDQkUrQNgud3bAj5DTCz0pJJB+5iz3I4KpwkoUuudp9R\r\nk5Ln9y5F3QqP/kAgB/9szQg=\r\n-----END PRIVATE KEY-----",
            "tags": null,
            "tags_all": {},
            "upload_date": "2023-04-20T19:20:36Z"
          },
          "sensitive_attributes": [],
          "private": "bnVsbA=="
        }
      ]
    },
    {
      "mode": "managed",
      "type": "aws_internet_gateway",
      "name": "bboys-igw",
      "provider": "provider[\"registry.terraform.io/hashicorp/aws\"]",
      "instances": [
        {
          "schema_version": 0,
          "attributes": {
            "arn": "arn:aws:ec2:us-east-1:782863115905:internet-gateway/igw-06380f4ac75864ca4",
            "id": "igw-06380f4ac75864ca4",
            "owner_id": "782863115905",
            "tags": {
              "Name": "bboys-IGW"
            },
            "tags_all": {
              "Name": "bboys-IGW"
            },
            "timeouts": null,
            "vpc_id": "vpc-032e0a4897936137f"
          },
          "sensitive_attributes": [],
          "private": "eyJlMmJmYjczMC1lY2FhLTExZTYtOGY4OC0zNDM2M2JjN2M0YzAiOnsiY3JlYXRlIjoxMjAwMDAwMDAwMDAwLCJkZWxldGUiOjEyMDAwMDAwMDAwMDAsInVwZGF0ZSI6MTIwMDAwMDAwMDAwMH19",
          "dependencies": [
            "aws_vpc.bboys-vpc"
          ]
        }
      ]
    },
    {
      "mode": "managed",
      "type": "aws_kms_key",
      "name": "bboys-s3-key",
      "provider": "provider[\"registry.terraform.io/hashicorp/aws\"]",
      "instances": [
        {
          "schema_version": 0,
          "attributes": {
            "arn": "arn:aws:kms:us-east-1:782863115905:key/01d07d8a-d151-4b7d-a852-c902e9139aae",
            "bypass_policy_lockout_safety_check": false,
            "custom_key_store_id": "",
            "customer_master_key_spec": "SYMMETRIC_DEFAULT",
            "deletion_window_in_days": 30,
            "description": "key for bboys s3 sse",
            "enable_key_rotation": true,
            "id": "01d07d8a-d151-4b7d-a852-c902e9139aae",
            "is_enabled": true,
            "key_id": "01d07d8a-d151-4b7d-a852-c902e9139aae",
            "key_usage": "ENCRYPT_DECRYPT",
            "multi_region": false,
            "policy": "{\"Id\":\"key-default-1\",\"Statement\":[{\"Action\":\"kms:*\",\"Effect\":\"Allow\",\"Principal\":{\"AWS\":\"arn:aws:iam::782863115905:root\"},\"Resource\":\"*\",\"Sid\":\"Enable IAM User Permissions\"}],\"Version\":\"2012-10-17\"}",
            "tags": null,
            "tags_all": {}
          },
          "sensitive_attributes": [],
          "private": "bnVsbA=="
        }
      ]
    },
    {
      "mode": "managed",
      "type": "aws_kms_key_policy",
      "name": "bboys-s3-key-policy",
      "provider": "provider[\"registry.terraform.io/hashicorp/aws\"]",
      "instances": [
        {
          "schema_version": 0,
          "attributes": {
            "bypass_policy_lockout_safety_check": false,
            "id": "01d07d8a-d151-4b7d-a852-c902e9139aae",
            "key_id": "01d07d8a-d151-4b7d-a852-c902e9139aae",
            "policy": "{\"Id\":\"key-default-1\",\"Statement\":[{\"Action\":\"kms:*\",\"Effect\":\"Allow\",\"Principal\":\"*\",\"Resource\":\"*\",\"Sid\":\"Enable IAM User Permissions\"}],\"Version\":\"2012-10-17\"}"
          },
          "sensitive_attributes": [],
          "private": "bnVsbA==",
          "dependencies": [
            "aws_kms_key.bboys-s3-key",
            "aws_s3_bucket.bboys-test"
          ]
        }
      ]
    },
    {
      "mode": "managed",
      "type": "aws_launch_template",
      "name": "bboys-ec2-launch-template",
      "provider": "provider[\"registry.terraform.io/hashicorp/aws\"]",
      "instances": [
        {
          "schema_version": 0,
          "attributes": {
            "arn": "arn:aws:ec2:us-east-1:782863115905:launch-template/lt-0e649b76793b9f096",
            "block_device_mappings": [],
            "capacity_reservation_specification": [],
            "cpu_options": [],
            "credit_specification": [],
            "default_version": 1,
            "description": "",
            "disable_api_stop": false,
            "disable_api_termination": false,
            "ebs_optimized": "",
            "elastic_gpu_specifications": [],
            "elastic_inference_accelerator": [],
            "enclave_options": [],
            "hibernation_options": [],
            "iam_instance_profile": [
              {
                "arn": "",
                "name": "bboys-launch-template-role"
              }
            ],
            "id": "lt-0e649b76793b9f096",
            "image_id": "ami-0fa1de1d60de6a97e",
            "instance_initiated_shutdown_behavior": "",
            "instance_market_options": [
              {
                "market_type": "spot",
                "spot_options": []
              }
            ],
            "instance_requirements": [],
            "instance_type": "t3.micro",
            "kernel_id": "",
            "key_name": "Jason_D",
            "latest_version": 1,
            "license_specification": [],
            "maintenance_options": [],
            "metadata_options": [
              {
                "http_endpoint": "enabled",
                "http_protocol_ipv6": "disabled",
                "http_put_response_hop_limit": 0,
                "http_tokens": "",
                "instance_metadata_tags": "disabled"
              }
            ],
            "monitoring": [],
            "name": "bboys-ec2-launch-template",
            "name_prefix": "",
            "network_interfaces": [
              {
                "associate_carrier_ip_address": "",
                "associate_public_ip_address": "",
                "delete_on_termination": "",
                "description": "",
                "device_index": 0,
                "interface_type": "",
                "ipv4_address_count": 0,
                "ipv4_addresses": null,
                "ipv4_prefix_count": 0,
                "ipv4_prefixes": null,
                "ipv6_address_count": 0,
                "ipv6_addresses": null,
                "ipv6_prefix_count": 0,
                "ipv6_prefixes": null,
                "network_card_index": 0,
                "network_interface_id": "",
                "private_ip_address": "",
                "security_groups": [
                  "sg-0261fc3ba6caf798c"
                ],
                "subnet_id": ""
              }
            ],
            "placement": [],
            "private_dns_name_options": [],
            "ram_disk_id": "",
            "security_group_names": null,
            "tag_specifications": [
              {
                "resource_type": "instance",
                "tags": {
                  "Name": "bboys-ASG-EC2"
                }
              }
            ],
            "tags": null,
            "tags_all": {},
            "update_default_version": null,
            "user_data": "IyEvYmluL2Jhc2gNCnN1ZG8gc3UNCnl1bSB1cGRhdGUgLXkNCnl1bSBpbnN0YWxsIGh0dHBkIC15DQp5dW0gaW5zdGFsbCBtb2Rfc3NsIC15DQphd3MgczMgY3AgczM6Ly9iYm95cy10ZXN0L2luZGV4Lmh0bWwgL3Zhci93d3cvaHRtbC9pbmRleC5odG1sDQphd3MgczMgY3AgczM6Ly9iYm95cy10ZXN0L2h0dHBkLmNvbmYgL2V0Yy9odHRwZC9jb25mL2h0dHBkLmNvbmYNCmF3cyBzMyBjcCBzMzovL2Jib3lzLXRlc3Qvc3NsLmNvbmYgL2V0Yy9odHRwZC9jb25mLmQvc3NsLmNvbmYNCmF3cyBzMyBjcCBzMzovL2Jib3lzLXRlc3QvbG9jYWxob3N0LmNydCAvZXRjL3BraS90bHMvY2VydHMNCnN5c3RlbWN0bCBzdGFydCBodHRwZA==",
            "vpc_security_group_ids": null
          },
          "sensitive_attributes": [],
          "private": "bnVsbA==",
          "dependencies": [
            "aws_iam_instance_profile.launch-template-role",
            "aws_iam_role.bboys-iam-terraform-role",
            "aws_iam_role_policy.bboys-s3",
            "aws_s3_bucket.bboys-test",
            "aws_s3_bucket_policy.bboys-s3-bucket-policy",
            "aws_s3_object.s3-objects",
            "aws_security_group.bboys-ec2-sg",
            "aws_vpc.bboys-vpc"
          ]
        }
      ]
    },
    {
      "mode": "managed",
      "type": "aws_lb",
      "name": "bboys-alb",
      "provider": "provider[\"registry.terraform.io/hashicorp/aws\"]",
      "instances": [
        {
          "schema_version": 0,
          "attributes": {
            "access_logs": [
              {
                "bucket": "",
                "enabled": false,
                "prefix": ""
              }
            ],
            "arn": "arn:aws:elasticloadbalancing:us-east-1:782863115905:loadbalancer/app/bboys-alb/5faa9e18070b4cae",
            "arn_suffix": "app/bboys-alb/5faa9e18070b4cae",
            "customer_owned_ipv4_pool": "",
            "desync_mitigation_mode": "defensive",
            "dns_name": "bboys-alb-1694125363.us-east-1.elb.amazonaws.com",
            "drop_invalid_header_fields": true,
            "enable_cross_zone_load_balancing": true,
            "enable_deletion_protection": false,
            "enable_http2": true,
            "enable_tls_version_and_cipher_suite_headers": false,
            "enable_waf_fail_open": false,
            "enable_xff_client_port": false,
            "id": "arn:aws:elasticloadbalancing:us-east-1:782863115905:loadbalancer/app/bboys-alb/5faa9e18070b4cae",
            "idle_timeout": 60,
            "internal": false,
            "ip_address_type": "ipv4",
            "load_balancer_type": "application",
            "name": "bboys-alb",
            "name_prefix": null,
            "preserve_host_header": false,
            "security_groups": [
              "sg-0c86a7e23b0679c30"
            ],
            "subnet_mapping": [
              {
                "allocation_id": "",
                "ipv6_address": "",
                "outpost_id": "",
                "private_ipv4_address": "",
                "subnet_id": "subnet-0152c8c465321ed4d"
              },
              {
                "allocation_id": "",
                "ipv6_address": "",
                "outpost_id": "",
                "private_ipv4_address": "",
                "subnet_id": "subnet-048a2b9865daa08a7"
              }
            ],
            "subnets": [
              "subnet-0152c8c465321ed4d",
              "subnet-048a2b9865daa08a7"
            ],
            "tags": {
              "Name": "bboys-ALB"
            },
            "tags_all": {
              "Name": "bboys-ALB"
            },
            "timeouts": null,
            "vpc_id": "vpc-032e0a4897936137f",
            "xff_header_processing_mode": "append",
            "zone_id": "Z35SXDOTRQ7X7K"
          },
          "sensitive_attributes": [],
          "private": "eyJlMmJmYjczMC1lY2FhLTExZTYtOGY4OC0zNDM2M2JjN2M0YzAiOnsiY3JlYXRlIjo2MDAwMDAwMDAwMDAsImRlbGV0ZSI6NjAwMDAwMDAwMDAwLCJ1cGRhdGUiOjYwMDAwMDAwMDAwMH19",
          "dependencies": [
            "aws_security_group.bboys-elb-sg",
            "aws_subnet.private",
            "aws_subnet.public",
            "aws_vpc.bboys-vpc",
            "data.aws_availability_zones.name"
          ]
        }
      ]
    },
    {
      "mode": "managed",
      "type": "aws_lb_listener",
      "name": "bboys-443-listener",
      "provider": "provider[\"registry.terraform.io/hashicorp/aws\"]",
      "instances": [
        {
          "schema_version": 0,
          "attributes": {
            "alpn_policy": null,
            "arn": "arn:aws:elasticloadbalancing:us-east-1:782863115905:listener/app/bboys-alb/5faa9e18070b4cae/af68091f32800ac7",
            "certificate_arn": "arn:aws:iam::782863115905:server-certificate/bboys-alb-cert",
            "default_action": [
              {
                "authenticate_cognito": [],
                "authenticate_oidc": [],
                "fixed_response": [],
                "forward": [],
                "order": 1,
                "redirect": [],
                "target_group_arn": "arn:aws:elasticloadbalancing:us-east-1:782863115905:targetgroup/bboys-ec2-tg/0b30c87061c1fc1e",
                "type": "forward"
              }
            ],
            "id": "arn:aws:elasticloadbalancing:us-east-1:782863115905:listener/app/bboys-alb/5faa9e18070b4cae/af68091f32800ac7",
            "load_balancer_arn": "arn:aws:elasticloadbalancing:us-east-1:782863115905:loadbalancer/app/bboys-alb/5faa9e18070b4cae",
            "port": 443,
            "protocol": "HTTPS",
            "ssl_policy": "ELBSecurityPolicy-2016-08",
            "tags": null,
            "tags_all": {},
            "timeouts": null
          },
          "sensitive_attributes": [],
          "private": "eyJlMmJmYjczMC1lY2FhLTExZTYtOGY4OC0zNDM2M2JjN2M0YzAiOnsicmVhZCI6NjAwMDAwMDAwMDAwfX0=",
          "dependencies": [
            "aws_iam_server_certificate.alb-cert",
            "aws_lb.bboys-alb",
            "aws_lb_target_group.ec2-tg",
            "aws_security_group.bboys-elb-sg",
            "aws_subnet.private",
            "aws_subnet.public",
            "aws_vpc.bboys-vpc",
            "data.aws_availability_zones.name"
          ]
        }
      ]
    },
    {
      "mode": "managed",
      "type": "aws_lb_listener_certificate",
      "name": "alb-cert",
      "provider": "provider[\"registry.terraform.io/hashicorp/aws\"]",
      "instances": [
        {
          "schema_version": 0,
          "attributes": {
            "certificate_arn": "arn:aws:iam::782863115905:server-certificate/bboys-alb-cert",
            "id": "arn:aws:elasticloadbalancing:us-east-1:782863115905:listener/app/bboys-alb/5faa9e18070b4cae/af68091f32800ac7_arn:aws:iam::782863115905:server-certificate/bboys-alb-cert",
            "listener_arn": "arn:aws:elasticloadbalancing:us-east-1:782863115905:listener/app/bboys-alb/5faa9e18070b4cae/af68091f32800ac7"
          },
          "sensitive_attributes": [],
          "private": "bnVsbA==",
          "dependencies": [
            "aws_iam_server_certificate.alb-cert",
            "aws_lb.bboys-alb",
            "aws_lb_listener.bboys-443-listener",
            "aws_lb_target_group.ec2-tg",
            "aws_security_group.bboys-elb-sg",
            "aws_subnet.private",
            "aws_subnet.public",
            "aws_vpc.bboys-vpc",
            "data.aws_availability_zones.name"
          ]
        }
      ]
    },
    {
      "mode": "managed",
      "type": "aws_lb_target_group",
      "name": "ec2-tg",
      "provider": "provider[\"registry.terraform.io/hashicorp/aws\"]",
      "instances": [
        {
          "schema_version": 0,
          "attributes": {
            "arn": "arn:aws:elasticloadbalancing:us-east-1:782863115905:targetgroup/bboys-ec2-tg/0b30c87061c1fc1e",
            "arn_suffix": "targetgroup/bboys-ec2-tg/0b30c87061c1fc1e",
            "connection_termination": false,
            "deregistration_delay": "300",
            "health_check": [
              {
                "enabled": true,
                "healthy_threshold": 2,
                "interval": 30,
                "matcher": "200",
                "path": "/",
                "port": "80",
                "protocol": "HTTP",
                "timeout": 20,
                "unhealthy_threshold": 5
              }
            ],
            "id": "arn:aws:elasticloadbalancing:us-east-1:782863115905:targetgroup/bboys-ec2-tg/0b30c87061c1fc1e",
            "ip_address_type": "ipv4",
            "lambda_multi_value_headers_enabled": false,
            "load_balancing_algorithm_type": "round_robin",
            "load_balancing_cross_zone_enabled": "use_load_balancer_configuration",
            "name": "bboys-ec2-tg",
            "name_prefix": null,
            "port": 443,
            "preserve_client_ip": null,
            "protocol": "HTTPS",
            "protocol_version": "HTTP1",
            "proxy_protocol_v2": false,
            "slow_start": 0,
            "stickiness": [
              {
                "cookie_duration": 86400,
                "cookie_name": "",
                "enabled": false,
                "type": "lb_cookie"
              }
            ],
            "tags": null,
            "tags_all": {},
            "target_failover": [
              {
                "on_deregistration": null,
                "on_unhealthy": null
              }
            ],
            "target_type": "instance",
            "vpc_id": "vpc-032e0a4897936137f"
          },
          "sensitive_attributes": [],
          "private": "bnVsbA==",
          "dependencies": [
            "aws_vpc.bboys-vpc"
          ]
        }
      ]
    },
    {
      "mode": "managed",
      "type": "aws_route_table",
      "name": "bboys-rt-private",
      "provider": "provider[\"registry.terraform.io/hashicorp/aws\"]",
      "instances": [
        {
          "schema_version": 0,
          "attributes": {
            "arn": "arn:aws:ec2:us-east-1:782863115905:route-table/rtb-0895027f07fcabdb7",
            "id": "rtb-0895027f07fcabdb7",
            "owner_id": "782863115905",
            "propagating_vgws": [],
            "route": [],
            "tags": {
              "Name": "bboys-private-RT"
            },
            "tags_all": {
              "Name": "bboys-private-RT"
            },
            "timeouts": null,
            "vpc_id": "vpc-032e0a4897936137f"
          },
          "sensitive_attributes": [],
          "private": "eyJlMmJmYjczMC1lY2FhLTExZTYtOGY4OC0zNDM2M2JjN2M0YzAiOnsiY3JlYXRlIjozMDAwMDAwMDAwMDAsImRlbGV0ZSI6MzAwMDAwMDAwMDAwLCJ1cGRhdGUiOjEyMDAwMDAwMDAwMH19",
          "dependencies": [
            "aws_vpc.bboys-vpc"
          ]
        }
      ]
    },
    {
      "mode": "managed",
      "type": "aws_route_table_association",
      "name": "private-subnet-route-table-association",
      "provider": "provider[\"registry.terraform.io/hashicorp/aws\"]",
      "instances": [
        {
          "index_key": 0,
          "schema_version": 0,
          "attributes": {
            "gateway_id": "",
            "id": "rtbassoc-08401d145416ee22d",
            "route_table_id": "rtb-0895027f07fcabdb7",
            "subnet_id": "subnet-086d7cedb8486e84e"
          },
          "sensitive_attributes": [],
          "private": "bnVsbA==",
          "dependencies": [
            "aws_default_route_table.bboys-rt-main",
            "aws_internet_gateway.bboys-igw",
            "aws_route_table.bboys-rt-private",
            "aws_subnet.private",
            "aws_subnet.public",
            "aws_vpc.bboys-vpc",
            "aws_vpc_endpoint.s3",
            "data.aws_availability_zones.name"
          ]
        },
        {
          "index_key": 1,
          "schema_version": 0,
          "attributes": {
            "gateway_id": "",
            "id": "rtbassoc-0c766e99fd423a768",
            "route_table_id": "rtb-0895027f07fcabdb7",
            "subnet_id": "subnet-0207e4e9a862ec1e4"
          },
          "sensitive_attributes": [],
          "private": "bnVsbA==",
          "dependencies": [
            "aws_default_route_table.bboys-rt-main",
            "aws_internet_gateway.bboys-igw",
            "aws_route_table.bboys-rt-private",
            "aws_subnet.private",
            "aws_subnet.public",
            "aws_vpc.bboys-vpc",
            "aws_vpc_endpoint.s3",
            "data.aws_availability_zones.name"
          ]
        }
      ]
    },
    {
      "mode": "managed",
      "type": "aws_route_table_association",
      "name": "public-subnet-route-table-associaiton",
      "provider": "provider[\"registry.terraform.io/hashicorp/aws\"]",
      "instances": [
        {
          "index_key": 0,
          "schema_version": 0,
          "attributes": {
            "gateway_id": "",
            "id": "rtbassoc-057121726a56d5b56",
            "route_table_id": "rtb-0056995c6c9b7af25",
            "subnet_id": "subnet-0152c8c465321ed4d"
          },
          "sensitive_attributes": [],
          "private": "bnVsbA==",
          "dependencies": [
            "aws_default_route_table.bboys-rt-main",
            "aws_internet_gateway.bboys-igw",
            "aws_subnet.private",
            "aws_subnet.public",
            "aws_vpc.bboys-vpc",
            "aws_vpc_endpoint.s3",
            "data.aws_availability_zones.name"
          ]
        },
        {
          "index_key": 1,
          "schema_version": 0,
          "attributes": {
            "gateway_id": "",
            "id": "rtbassoc-044b660364bad58f0",
            "route_table_id": "rtb-0056995c6c9b7af25",
            "subnet_id": "subnet-048a2b9865daa08a7"
          },
          "sensitive_attributes": [],
          "private": "bnVsbA==",
          "dependencies": [
            "aws_default_route_table.bboys-rt-main",
            "aws_internet_gateway.bboys-igw",
            "aws_subnet.private",
            "aws_subnet.public",
            "aws_vpc.bboys-vpc",
            "aws_vpc_endpoint.s3",
            "data.aws_availability_zones.name"
          ]
        }
      ]
    },
    {
      "mode": "managed",
      "type": "aws_s3_bucket",
      "name": "bboys-test",
      "provider": "provider[\"registry.terraform.io/hashicorp/aws\"]",
      "instances": [
        {
          "schema_version": 0,
          "attributes": {
            "acceleration_status": "",
            "acl": null,
            "arn": "arn:aws:s3:::bboys-test",
            "bucket": "bboys-test",
            "bucket_domain_name": "bboys-test.s3.amazonaws.com",
            "bucket_prefix": null,
            "bucket_regional_domain_name": "bboys-test.s3.amazonaws.com",
            "cors_rule": [],
            "force_destroy": false,
            "grant": [
              {
                "id": "7b6233ab93f65d8d6a148a3419992e841e92a02c2b82fa48cd1b34839d469875",
                "permissions": [
                  "FULL_CONTROL"
                ],
                "type": "CanonicalUser",
                "uri": ""
              }
            ],
            "hosted_zone_id": "Z3AQBSTGFYJSTF",
            "id": "bboys-test",
            "lifecycle_rule": [],
            "logging": [],
            "object_lock_configuration": [],
            "object_lock_enabled": false,
            "policy": "",
            "region": "us-east-1",
            "replication_configuration": [],
            "request_payer": "BucketOwner",
            "server_side_encryption_configuration": [
              {
                "rule": [
                  {
                    "apply_server_side_encryption_by_default": [
                      {
                        "kms_master_key_id": "",
                        "sse_algorithm": "AES256"
                      }
                    ],
                    "bucket_key_enabled": false
                  }
                ]
              }
            ],
            "tags": {
              "Name": "bboys-S3"
            },
            "tags_all": {
              "Name": "bboys-S3"
            },
            "timeouts": null,
            "versioning": [
              {
                "enabled": false,
                "mfa_delete": false
              }
            ],
            "website": [],
            "website_domain": null,
            "website_endpoint": null
          },
          "sensitive_attributes": [],
          "private": "eyJlMmJmYjczMC1lY2FhLTExZTYtOGY4OC0zNDM2M2JjN2M0YzAiOnsiY3JlYXRlIjoxMjAwMDAwMDAwMDAwLCJkZWxldGUiOjM2MDAwMDAwMDAwMDAsInJlYWQiOjEyMDAwMDAwMDAwMDAsInVwZGF0ZSI6MTIwMDAwMDAwMDAwMH19"
        }
      ]
    },
    {
      "mode": "managed",
      "type": "aws_s3_bucket_logging",
      "name": "s3-bucket-logging",
      "provider": "provider[\"registry.terraform.io/hashicorp/aws\"]",
      "instances": [
        {
          "status": "tainted",
          "schema_version": 0,
          "attributes": {
            "bucket": "bboys-test",
            "expected_bucket_owner": null,
            "id": "bboys-test",
            "target_bucket": "bboys-test",
            "target_grant": [],
            "target_prefix": "log/"
          },
          "sensitive_attributes": [],
          "private": "bnVsbA==",
          "dependencies": [
            "aws_s3_bucket.bboys-test"
          ]
        }
      ]
    },
    {
      "mode": "managed",
      "type": "aws_s3_bucket_policy",
      "name": "bboys-s3-bucket-policy",
      "provider": "provider[\"registry.terraform.io/hashicorp/aws\"]",
      "instances": [
        {
          "schema_version": 0,
          "attributes": {
            "bucket": "bboys-test",
            "id": "bboys-test",
            "policy": "{\"Statement\":[{\"Action\":\"s3:*\",\"Effect\":\"Allow\",\"Principal\":{\"AWS\":\"arn:aws:iam::782863115905:role/bboys-iam-terraform-role\"},\"Resource\":\"arn:aws:s3:::bboys-test/*\",\"Sid\":\"Public View\"}],\"Version\":\"2012-10-17\"}"
          },
          "sensitive_attributes": [],
          "private": "bnVsbA==",
          "dependencies": [
            "aws_iam_role.bboys-iam-terraform-role",
            "aws_iam_role_policy.bboys-s3",
            "aws_s3_bucket.bboys-test"
          ]
        }
      ]
    },
    {
      "mode": "managed",
      "type": "aws_s3_bucket_public_access_block",
      "name": "example",
      "provider": "provider[\"registry.terraform.io/hashicorp/aws\"]",
      "instances": [
        {
          "schema_version": 0,
          "attributes": {
            "block_public_acls": true,
            "block_public_policy": true,
            "bucket": "bboys-test",
            "id": "bboys-test",
            "ignore_public_acls": true,
            "restrict_public_buckets": true
          },
          "sensitive_attributes": [],
          "private": "bnVsbA==",
          "dependencies": [
            "aws_s3_bucket.bboys-test"
          ]
        }
      ]
    },
    {
      "mode": "managed",
      "type": "aws_s3_bucket_server_side_encryption_configuration",
      "name": "bboys-s3-sse-config",
      "provider": "provider[\"registry.terraform.io/hashicorp/aws\"]",
      "instances": [
        {
          "schema_version": 0,
          "attributes": {
            "bucket": "bboys-test",
            "expected_bucket_owner": "",
            "id": "bboys-test",
            "rule": [
              {
                "apply_server_side_encryption_by_default": [
                  {
                    "kms_master_key_id": "arn:aws:kms:us-east-1:782863115905:key/01d07d8a-d151-4b7d-a852-c902e9139aae",
                    "sse_algorithm": "aws:kms"
                  }
                ],
                "bucket_key_enabled": null
              }
            ]
          },
          "sensitive_attributes": [],
          "private": "bnVsbA==",
          "dependencies": [
            "aws_kms_key.bboys-s3-key",
            "aws_s3_bucket.bboys-test"
          ]
        }
      ]
    },
    {
      "mode": "managed",
      "type": "aws_s3_object",
      "name": "s3-objects",
      "provider": "provider[\"registry.terraform.io/hashicorp/aws\"]",
      "instances": [
        {
          "index_key": "httpd.conf",
          "schema_version": 0,
          "attributes": {
            "acl": "private",
            "bucket": "bboys-test",
            "bucket_key_enabled": false,
            "cache_control": "",
            "content": null,
            "content_base64": null,
            "content_disposition": "",
            "content_encoding": "",
            "content_language": "",
            "content_type": "binary/octet-stream",
            "etag": "b99ea73fee703f7abb575c7332e283c1",
            "force_destroy": false,
            "id": "httpd.conf",
            "key": "httpd.conf",
            "kms_key_id": "arn:aws:kms:us-east-1:782863115905:key/01d07d8a-d151-4b7d-a852-c902e9139aae",
            "metadata": null,
            "object_lock_legal_hold_status": "",
            "object_lock_mode": "",
            "object_lock_retain_until_date": "",
            "server_side_encryption": "aws:kms",
            "source": "./s3-files/httpd.conf",
            "source_hash": null,
            "storage_class": "STANDARD",
            "tags": null,
            "tags_all": {},
            "version_id": "",
            "website_redirect": ""
          },
          "sensitive_attributes": [],
          "private": "bnVsbA==",
          "dependencies": [
            "aws_iam_role.bboys-iam-terraform-role",
            "aws_iam_role_policy.bboys-s3",
            "aws_s3_bucket.bboys-test",
            "aws_s3_bucket_policy.bboys-s3-bucket-policy"
          ]
        },
        {
          "index_key": "index.html",
          "schema_version": 0,
          "attributes": {
            "acl": "private",
            "bucket": "bboys-test",
            "bucket_key_enabled": false,
            "cache_control": "",
            "content": null,
            "content_base64": null,
            "content_disposition": "",
            "content_encoding": "",
            "content_language": "",
            "content_type": "binary/octet-stream",
            "etag": "3ba4a2e4f5e2459e00b2428c98aa37e8",
            "force_destroy": false,
            "id": "index.html",
            "key": "index.html",
            "kms_key_id": "arn:aws:kms:us-east-1:782863115905:key/01d07d8a-d151-4b7d-a852-c902e9139aae",
            "metadata": null,
            "object_lock_legal_hold_status": "",
            "object_lock_mode": "",
            "object_lock_retain_until_date": "",
            "server_side_encryption": "aws:kms",
            "source": "./s3-files/index.html",
            "source_hash": null,
            "storage_class": "STANDARD",
            "tags": null,
            "tags_all": {},
            "version_id": "",
            "website_redirect": ""
          },
          "sensitive_attributes": [],
          "private": "bnVsbA==",
          "dependencies": [
            "aws_iam_role.bboys-iam-terraform-role",
            "aws_iam_role_policy.bboys-s3",
            "aws_s3_bucket.bboys-test",
            "aws_s3_bucket_policy.bboys-s3-bucket-policy"
          ]
        },
        {
          "index_key": "localhost.crt",
          "schema_version": 0,
          "attributes": {
            "acl": "private",
            "bucket": "bboys-test",
            "bucket_key_enabled": false,
            "cache_control": "",
            "content": null,
            "content_base64": null,
            "content_disposition": "",
            "content_encoding": "",
            "content_language": "",
            "content_type": "binary/octet-stream",
            "etag": "c722b80bed43ca13f83724a1fb4c7d97",
            "force_destroy": false,
            "id": "localhost.crt",
            "key": "localhost.crt",
            "kms_key_id": "arn:aws:kms:us-east-1:782863115905:key/01d07d8a-d151-4b7d-a852-c902e9139aae",
            "metadata": null,
            "object_lock_legal_hold_status": "",
            "object_lock_mode": "",
            "object_lock_retain_until_date": "",
            "server_side_encryption": "aws:kms",
            "source": "./s3-files/localhost.crt",
            "source_hash": null,
            "storage_class": "STANDARD",
            "tags": null,
            "tags_all": {},
            "version_id": "",
            "website_redirect": ""
          },
          "sensitive_attributes": [],
          "private": "bnVsbA==",
          "dependencies": [
            "aws_iam_role.bboys-iam-terraform-role",
            "aws_iam_role_policy.bboys-s3",
            "aws_s3_bucket.bboys-test",
            "aws_s3_bucket_policy.bboys-s3-bucket-policy"
          ]
        },
        {
          "index_key": "ssl.conf",
          "schema_version": 0,
          "attributes": {
            "acl": "private",
            "bucket": "bboys-test",
            "bucket_key_enabled": false,
            "cache_control": "",
            "content": null,
            "content_base64": null,
            "content_disposition": "",
            "content_encoding": "",
            "content_language": "",
            "content_type": "binary/octet-stream",
            "etag": "724fc8a8902ab22d7e8fe48ce271c399",
            "force_destroy": false,
            "id": "ssl.conf",
            "key": "ssl.conf",
            "kms_key_id": "arn:aws:kms:us-east-1:782863115905:key/01d07d8a-d151-4b7d-a852-c902e9139aae",
            "metadata": null,
            "object_lock_legal_hold_status": "",
            "object_lock_mode": "",
            "object_lock_retain_until_date": "",
            "server_side_encryption": "aws:kms",
            "source": "./s3-files/ssl.conf",
            "source_hash": null,
            "storage_class": "STANDARD",
            "tags": null,
            "tags_all": {},
            "version_id": "",
            "website_redirect": ""
          },
          "sensitive_attributes": [],
          "private": "bnVsbA==",
          "dependencies": [
            "aws_iam_role.bboys-iam-terraform-role",
            "aws_iam_role_policy.bboys-s3",
            "aws_s3_bucket.bboys-test",
            "aws_s3_bucket_policy.bboys-s3-bucket-policy"
          ]
        }
      ]
    },
    {
      "mode": "managed",
      "type": "aws_security_group",
      "name": "bboys-ec2-sg",
      "provider": "provider[\"registry.terraform.io/hashicorp/aws\"]",
      "instances": [
        {
          "schema_version": 1,
          "attributes": {
            "arn": "arn:aws:ec2:us-east-1:782863115905:security-group/sg-0261fc3ba6caf798c",
            "description": "secrutiy group for ec2s in private subnet",
            "egress": [],
            "id": "sg-0261fc3ba6caf798c",
            "ingress": [],
            "name": "terraform-20230420192049686800000001",
            "name_prefix": "terraform-",
            "owner_id": "782863115905",
            "revoke_rules_on_delete": false,
            "tags": {
              "Name": "bboys-SG-EC2"
            },
            "tags_all": {
              "Name": "bboys-SG-EC2"
            },
            "timeouts": null,
            "vpc_id": "vpc-032e0a4897936137f"
          },
          "sensitive_attributes": [],
          "private": "eyJlMmJmYjczMC1lY2FhLTExZTYtOGY4OC0zNDM2M2JjN2M0YzAiOnsiY3JlYXRlIjo2MDAwMDAwMDAwMDAsImRlbGV0ZSI6OTAwMDAwMDAwMDAwfSwic2NoZW1hX3ZlcnNpb24iOiIxIn0=",
          "dependencies": [
            "aws_vpc.bboys-vpc"
          ]
        }
      ]
    },
    {
      "mode": "managed",
      "type": "aws_security_group",
      "name": "bboys-elb-sg",
      "provider": "provider[\"registry.terraform.io/hashicorp/aws\"]",
      "instances": [
        {
          "schema_version": 1,
          "attributes": {
            "arn": "arn:aws:ec2:us-east-1:782863115905:security-group/sg-0c86a7e23b0679c30",
            "description": "security group for elb",
            "egress": [],
            "id": "sg-0c86a7e23b0679c30",
            "ingress": [],
            "name": "terraform-20230420192122314700000004",
            "name_prefix": "terraform-",
            "owner_id": "782863115905",
            "revoke_rules_on_delete": false,
            "tags": {
              "Name": "bboys-ELB-SG"
            },
            "tags_all": {
              "Name": "bboys-ELB-SG"
            },
            "timeouts": null,
            "vpc_id": "vpc-032e0a4897936137f"
          },
          "sensitive_attributes": [],
          "private": "eyJlMmJmYjczMC1lY2FhLTExZTYtOGY4OC0zNDM2M2JjN2M0YzAiOnsiY3JlYXRlIjo2MDAwMDAwMDAwMDAsImRlbGV0ZSI6OTAwMDAwMDAwMDAwfSwic2NoZW1hX3ZlcnNpb24iOiIxIn0=",
          "dependencies": [
            "aws_subnet.private",
            "aws_subnet.public",
            "aws_vpc.bboys-vpc",
            "data.aws_availability_zones.name"
          ]
        }
      ]
    },
    {
      "mode": "managed",
      "type": "aws_security_group_rule",
      "name": "default-sg-443-egress-to-ec2",
      "provider": "provider[\"registry.terraform.io/hashicorp/aws\"]",
      "instances": [
        {
          "schema_version": 2,
          "attributes": {
            "cidr_blocks": null,
            "description": "443 outbout to ec2",
            "from_port": 443,
            "id": "sgrule-1109059028",
            "ipv6_cidr_blocks": null,
            "prefix_list_ids": null,
            "protocol": "tcp",
            "security_group_id": "sg-0c00e71713e525bdf",
            "security_group_rule_id": "sgr-0c78679555327dfce",
            "self": false,
            "source_security_group_id": "sg-0261fc3ba6caf798c",
            "timeouts": null,
            "to_port": 443,
            "type": "egress"
          },
          "sensitive_attributes": [],
          "private": "eyJlMmJmYjczMC1lY2FhLTExZTYtOGY4OC0zNDM2M2JjN2M0YzAiOnsiY3JlYXRlIjozMDAwMDAwMDAwMDB9LCJzY2hlbWFfdmVyc2lvbiI6IjIifQ==",
          "dependencies": [
            "aws_default_security_group.default",
            "aws_security_group.bboys-ec2-sg",
            "aws_vpc.bboys-vpc"
          ]
        }
      ]
    },
    {
      "mode": "managed",
      "type": "aws_security_group_rule",
      "name": "default-sg-443-egress-to-s3",
      "provider": "provider[\"registry.terraform.io/hashicorp/aws\"]",
      "instances": [
        {
          "schema_version": 2,
          "attributes": {
            "cidr_blocks": null,
            "description": "443 outbound to s3 managed prefix",
            "from_port": 443,
            "id": "sgrule-3191415752",
            "ipv6_cidr_blocks": null,
            "prefix_list_ids": [
              "pl-63a5400a"
            ],
            "protocol": "tcp",
            "security_group_id": "sg-0c00e71713e525bdf",
            "security_group_rule_id": "sgr-08078a3bec105e886",
            "self": false,
            "source_security_group_id": null,
            "timeouts": null,
            "to_port": 443,
            "type": "egress"
          },
          "sensitive_attributes": [],
          "private": "eyJlMmJmYjczMC1lY2FhLTExZTYtOGY4OC0zNDM2M2JjN2M0YzAiOnsiY3JlYXRlIjozMDAwMDAwMDAwMDB9LCJzY2hlbWFfdmVyc2lvbiI6IjIifQ==",
          "dependencies": [
            "aws_default_security_group.default",
            "aws_vpc.bboys-vpc",
            "data.aws_prefix_list.s3"
          ]
        }
      ]
    },
    {
      "mode": "managed",
      "type": "aws_security_group_rule",
      "name": "default-sg-80-egress-to-ec2",
      "provider": "provider[\"registry.terraform.io/hashicorp/aws\"]",
      "instances": [
        {
          "schema_version": 2,
          "attributes": {
            "cidr_blocks": null,
            "description": "80 outbound to ec2",
            "from_port": 80,
            "id": "sgrule-190465924",
            "ipv6_cidr_blocks": null,
            "prefix_list_ids": null,
            "protocol": "tcp",
            "security_group_id": "sg-0c00e71713e525bdf",
            "security_group_rule_id": "sgr-0825d0b3a8abe0b34",
            "self": false,
            "source_security_group_id": "sg-0261fc3ba6caf798c",
            "timeouts": null,
            "to_port": 80,
            "type": "egress"
          },
          "sensitive_attributes": [],
          "private": "eyJlMmJmYjczMC1lY2FhLTExZTYtOGY4OC0zNDM2M2JjN2M0YzAiOnsiY3JlYXRlIjozMDAwMDAwMDAwMDB9LCJzY2hlbWFfdmVyc2lvbiI6IjIifQ==",
          "dependencies": [
            "aws_default_security_group.default",
            "aws_security_group.bboys-ec2-sg",
            "aws_vpc.bboys-vpc"
          ]
        }
      ]
    },
    {
      "mode": "managed",
      "type": "aws_security_group_rule",
      "name": "default-sg-ssh-ingress-from-internet",
      "provider": "provider[\"registry.terraform.io/hashicorp/aws\"]",
      "instances": [
        {
          "schema_version": 2,
          "attributes": {
            "cidr_blocks": [
              "0.0.0.0/0"
            ],
            "description": "ssh ingress from any",
            "from_port": 22,
            "id": "sgrule-1971156824",
            "ipv6_cidr_blocks": null,
            "prefix_list_ids": null,
            "protocol": "tcp",
            "security_group_id": "sg-0c00e71713e525bdf",
            "security_group_rule_id": "sgr-0203f33d97ebe8eac",
            "self": false,
            "source_security_group_id": null,
            "timeouts": null,
            "to_port": 22,
            "type": "ingress"
          },
          "sensitive_attributes": [],
          "private": "eyJlMmJmYjczMC1lY2FhLTExZTYtOGY4OC0zNDM2M2JjN2M0YzAiOnsiY3JlYXRlIjozMDAwMDAwMDAwMDB9LCJzY2hlbWFfdmVyc2lvbiI6IjIifQ==",
          "dependencies": [
            "aws_default_security_group.default",
            "aws_vpc.bboys-vpc"
          ]
        }
      ]
    },
    {
      "mode": "managed",
      "type": "aws_security_group_rule",
      "name": "ec2-sg-443-egress-to-s3",
      "provider": "provider[\"registry.terraform.io/hashicorp/aws\"]",
      "instances": [
        {
          "schema_version": 2,
          "attributes": {
            "cidr_blocks": null,
            "description": "443 egress to s3 managed prefix",
            "from_port": 443,
            "id": "sgrule-3509368910",
            "ipv6_cidr_blocks": null,
            "prefix_list_ids": [
              "pl-63a5400a"
            ],
            "protocol": "tcp",
            "security_group_id": "sg-0261fc3ba6caf798c",
            "security_group_rule_id": "sgr-0aff0bd0fc31c7397",
            "self": false,
            "source_security_group_id": null,
            "timeouts": null,
            "to_port": 443,
            "type": "egress"
          },
          "sensitive_attributes": [],
          "private": "eyJlMmJmYjczMC1lY2FhLTExZTYtOGY4OC0zNDM2M2JjN2M0YzAiOnsiY3JlYXRlIjozMDAwMDAwMDAwMDB9LCJzY2hlbWFfdmVyc2lvbiI6IjIifQ==",
          "dependencies": [
            "aws_security_group.bboys-ec2-sg",
            "aws_vpc.bboys-vpc",
            "data.aws_prefix_list.s3"
          ]
        }
      ]
    },
    {
      "mode": "managed",
      "type": "aws_security_group_rule",
      "name": "ec2-sg-443-ingress-from-elb",
      "provider": "provider[\"registry.terraform.io/hashicorp/aws\"]",
      "instances": [
        {
          "schema_version": 2,
          "attributes": {
            "cidr_blocks": null,
            "description": "443 ingress from elb to ec2",
            "from_port": 443,
            "id": "sgrule-241162343",
            "ipv6_cidr_blocks": null,
            "prefix_list_ids": null,
            "protocol": "tcp",
            "security_group_id": "sg-0261fc3ba6caf798c",
            "security_group_rule_id": "sgr-0447027f6d0585efd",
            "self": false,
            "source_security_group_id": "sg-0c86a7e23b0679c30",
            "timeouts": null,
            "to_port": 443,
            "type": "ingress"
          },
          "sensitive_attributes": [],
          "private": "eyJlMmJmYjczMC1lY2FhLTExZTYtOGY4OC0zNDM2M2JjN2M0YzAiOnsiY3JlYXRlIjozMDAwMDAwMDAwMDB9LCJzY2hlbWFfdmVyc2lvbiI6IjIifQ==",
          "dependencies": [
            "aws_security_group.bboys-ec2-sg",
            "aws_security_group.bboys-elb-sg",
            "aws_subnet.private",
            "aws_subnet.public",
            "aws_vpc.bboys-vpc",
            "data.aws_availability_zones.name"
          ]
        }
      ]
    },
    {
      "mode": "managed",
      "type": "aws_security_group_rule",
      "name": "ec2-sg-80-ingress-from-elb",
      "provider": "provider[\"registry.terraform.io/hashicorp/aws\"]",
      "instances": [
        {
          "schema_version": 2,
          "attributes": {
            "cidr_blocks": null,
            "description": "80 ingress from elb to ec2",
            "from_port": 80,
            "id": "sgrule-2266967902",
            "ipv6_cidr_blocks": null,
            "prefix_list_ids": null,
            "protocol": "tcp",
            "security_group_id": "sg-0261fc3ba6caf798c",
            "security_group_rule_id": "sgr-0c42aa7e6fbe6c7e8",
            "self": false,
            "source_security_group_id": "sg-0c86a7e23b0679c30",
            "timeouts": null,
            "to_port": 80,
            "type": "ingress"
          },
          "sensitive_attributes": [],
          "private": "eyJlMmJmYjczMC1lY2FhLTExZTYtOGY4OC0zNDM2M2JjN2M0YzAiOnsiY3JlYXRlIjozMDAwMDAwMDAwMDB9LCJzY2hlbWFfdmVyc2lvbiI6IjIifQ==",
          "dependencies": [
            "aws_security_group.bboys-ec2-sg",
            "aws_security_group.bboys-elb-sg",
            "aws_subnet.private",
            "aws_subnet.public",
            "aws_vpc.bboys-vpc",
            "data.aws_availability_zones.name"
          ]
        }
      ]
    },
    {
      "mode": "managed",
      "type": "aws_security_group_rule",
      "name": "elb-sg-egress-443-to-ec2",
      "provider": "provider[\"registry.terraform.io/hashicorp/aws\"]",
      "instances": [
        {
          "schema_version": 2,
          "attributes": {
            "cidr_blocks": null,
            "description": "443 outbound from elb to ec2",
            "from_port": 443,
            "id": "sgrule-2773874351",
            "ipv6_cidr_blocks": null,
            "prefix_list_ids": null,
            "protocol": "tcp",
            "security_group_id": "sg-0c86a7e23b0679c30",
            "security_group_rule_id": "sgr-0f9753aa7ddcc9cfd",
            "self": false,
            "source_security_group_id": "sg-0261fc3ba6caf798c",
            "timeouts": null,
            "to_port": 443,
            "type": "egress"
          },
          "sensitive_attributes": [],
          "private": "eyJlMmJmYjczMC1lY2FhLTExZTYtOGY4OC0zNDM2M2JjN2M0YzAiOnsiY3JlYXRlIjozMDAwMDAwMDAwMDB9LCJzY2hlbWFfdmVyc2lvbiI6IjIifQ==",
          "dependencies": [
            "aws_security_group.bboys-ec2-sg",
            "aws_security_group.bboys-elb-sg",
            "aws_subnet.private",
            "aws_subnet.public",
            "aws_vpc.bboys-vpc",
            "data.aws_availability_zones.name"
          ]
        }
      ]
    },
    {
      "mode": "managed",
      "type": "aws_security_group_rule",
      "name": "elb-sg-egress-80-to-ec2",
      "provider": "provider[\"registry.terraform.io/hashicorp/aws\"]",
      "instances": [
        {
          "schema_version": 2,
          "attributes": {
            "cidr_blocks": null,
            "description": "80 outbound from elb to ec2",
            "from_port": 80,
            "id": "sgrule-1467028496",
            "ipv6_cidr_blocks": null,
            "prefix_list_ids": null,
            "protocol": "tcp",
            "security_group_id": "sg-0c86a7e23b0679c30",
            "security_group_rule_id": "sgr-0059146f1733ee5d4",
            "self": false,
            "source_security_group_id": "sg-0261fc3ba6caf798c",
            "timeouts": null,
            "to_port": 80,
            "type": "egress"
          },
          "sensitive_attributes": [],
          "private": "eyJlMmJmYjczMC1lY2FhLTExZTYtOGY4OC0zNDM2M2JjN2M0YzAiOnsiY3JlYXRlIjozMDAwMDAwMDAwMDB9LCJzY2hlbWFfdmVyc2lvbiI6IjIifQ==",
          "dependencies": [
            "aws_security_group.bboys-ec2-sg",
            "aws_security_group.bboys-elb-sg",
            "aws_subnet.private",
            "aws_subnet.public",
            "aws_vpc.bboys-vpc",
            "data.aws_availability_zones.name"
          ]
        }
      ]
    },
    {
      "mode": "managed",
      "type": "aws_security_group_rule",
      "name": "elb-sg-ingress-443-from-internet",
      "provider": "provider[\"registry.terraform.io/hashicorp/aws\"]",
      "instances": [
        {
          "schema_version": 2,
          "attributes": {
            "cidr_blocks": [
              "0.0.0.0/0"
            ],
            "description": "ingress on 443 from internet",
            "from_port": 443,
            "id": "sgrule-2543390203",
            "ipv6_cidr_blocks": null,
            "prefix_list_ids": null,
            "protocol": "tcp",
            "security_group_id": "sg-0c86a7e23b0679c30",
            "security_group_rule_id": "sgr-02b0faf9b60718dae",
            "self": false,
            "source_security_group_id": null,
            "timeouts": null,
            "to_port": 443,
            "type": "ingress"
          },
          "sensitive_attributes": [],
          "private": "eyJlMmJmYjczMC1lY2FhLTExZTYtOGY4OC0zNDM2M2JjN2M0YzAiOnsiY3JlYXRlIjozMDAwMDAwMDAwMDB9LCJzY2hlbWFfdmVyc2lvbiI6IjIifQ==",
          "dependencies": [
            "aws_security_group.bboys-elb-sg",
            "aws_subnet.private",
            "aws_subnet.public",
            "aws_vpc.bboys-vpc",
            "data.aws_availability_zones.name"
          ]
        }
      ]
    },
    {
      "mode": "managed",
      "type": "aws_subnet",
      "name": "private",
      "provider": "provider[\"registry.terraform.io/hashicorp/aws\"]",
      "instances": [
        {
          "index_key": 0,
          "schema_version": 1,
          "attributes": {
            "arn": "arn:aws:ec2:us-east-1:782863115905:subnet/subnet-086d7cedb8486e84e",
            "assign_ipv6_address_on_creation": false,
            "availability_zone": "us-east-1a",
            "availability_zone_id": "use1-az6",
            "cidr_block": "10.1.0.128/26",
            "customer_owned_ipv4_pool": "",
            "enable_dns64": false,
            "enable_resource_name_dns_a_record_on_launch": true,
            "enable_resource_name_dns_aaaa_record_on_launch": false,
            "id": "subnet-086d7cedb8486e84e",
            "ipv6_cidr_block": "",
            "ipv6_cidr_block_association_id": "",
            "ipv6_native": false,
            "map_customer_owned_ip_on_launch": false,
            "map_public_ip_on_launch": false,
            "outpost_arn": "",
            "owner_id": "782863115905",
            "private_dns_hostname_type_on_launch": "ip-name",
            "tags": {
              "Name": "bboys-private-us-east-1a"
            },
            "tags_all": {
              "Name": "bboys-private-us-east-1a"
            },
            "timeouts": null,
            "vpc_id": "vpc-032e0a4897936137f"
          },
          "sensitive_attributes": [],
          "private": "eyJlMmJmYjczMC1lY2FhLTExZTYtOGY4OC0zNDM2M2JjN2M0YzAiOnsiY3JlYXRlIjo2MDAwMDAwMDAwMDAsImRlbGV0ZSI6MTIwMDAwMDAwMDAwMH0sInNjaGVtYV92ZXJzaW9uIjoiMSJ9",
          "dependencies": [
            "aws_subnet.public",
            "aws_vpc.bboys-vpc",
            "data.aws_availability_zones.name"
          ]
        },
        {
          "index_key": 1,
          "schema_version": 1,
          "attributes": {
            "arn": "arn:aws:ec2:us-east-1:782863115905:subnet/subnet-0207e4e9a862ec1e4",
            "assign_ipv6_address_on_creation": false,
            "availability_zone": "us-east-1b",
            "availability_zone_id": "use1-az1",
            "cidr_block": "10.1.0.192/26",
            "customer_owned_ipv4_pool": "",
            "enable_dns64": false,
            "enable_resource_name_dns_a_record_on_launch": true,
            "enable_resource_name_dns_aaaa_record_on_launch": false,
            "id": "subnet-0207e4e9a862ec1e4",
            "ipv6_cidr_block": "",
            "ipv6_cidr_block_association_id": "",
            "ipv6_native": false,
            "map_customer_owned_ip_on_launch": false,
            "map_public_ip_on_launch": false,
            "outpost_arn": "",
            "owner_id": "782863115905",
            "private_dns_hostname_type_on_launch": "ip-name",
            "tags": {
              "Name": "bboys-private-us-east-1b"
            },
            "tags_all": {
              "Name": "bboys-private-us-east-1b"
            },
            "timeouts": null,
            "vpc_id": "vpc-032e0a4897936137f"
          },
          "sensitive_attributes": [],
          "private": "eyJlMmJmYjczMC1lY2FhLTExZTYtOGY4OC0zNDM2M2JjN2M0YzAiOnsiY3JlYXRlIjo2MDAwMDAwMDAwMDAsImRlbGV0ZSI6MTIwMDAwMDAwMDAwMH0sInNjaGVtYV92ZXJzaW9uIjoiMSJ9",
          "dependencies": [
            "aws_subnet.public",
            "aws_vpc.bboys-vpc",
            "data.aws_availability_zones.name"
          ]
        }
      ]
    },
    {
      "mode": "managed",
      "type": "aws_subnet",
      "name": "public",
      "provider": "provider[\"registry.terraform.io/hashicorp/aws\"]",
      "instances": [
        {
          "index_key": 0,
          "schema_version": 1,
          "attributes": {
            "arn": "arn:aws:ec2:us-east-1:782863115905:subnet/subnet-0152c8c465321ed4d",
            "assign_ipv6_address_on_creation": false,
            "availability_zone": "us-east-1a",
            "availability_zone_id": "use1-az6",
            "cidr_block": "10.1.0.0/26",
            "customer_owned_ipv4_pool": "",
            "enable_dns64": false,
            "enable_resource_name_dns_a_record_on_launch": true,
            "enable_resource_name_dns_aaaa_record_on_launch": false,
            "id": "subnet-0152c8c465321ed4d",
            "ipv6_cidr_block": "",
            "ipv6_cidr_block_association_id": "",
            "ipv6_native": false,
            "map_customer_owned_ip_on_launch": false,
            "map_public_ip_on_launch": true,
            "outpost_arn": "",
            "owner_id": "782863115905",
            "private_dns_hostname_type_on_launch": "ip-name",
            "tags": {
              "Name": "bboys-public-us-east-1a"
            },
            "tags_all": {
              "Name": "bboys-public-us-east-1a"
            },
            "timeouts": null,
            "vpc_id": "vpc-032e0a4897936137f"
          },
          "sensitive_attributes": [],
          "private": "eyJlMmJmYjczMC1lY2FhLTExZTYtOGY4OC0zNDM2M2JjN2M0YzAiOnsiY3JlYXRlIjo2MDAwMDAwMDAwMDAsImRlbGV0ZSI6MTIwMDAwMDAwMDAwMH0sInNjaGVtYV92ZXJzaW9uIjoiMSJ9",
          "dependencies": [
            "aws_vpc.bboys-vpc",
            "data.aws_availability_zones.name"
          ]
        },
        {
          "index_key": 1,
          "schema_version": 1,
          "attributes": {
            "arn": "arn:aws:ec2:us-east-1:782863115905:subnet/subnet-048a2b9865daa08a7",
            "assign_ipv6_address_on_creation": false,
            "availability_zone": "us-east-1b",
            "availability_zone_id": "use1-az1",
            "cidr_block": "10.1.0.64/26",
            "customer_owned_ipv4_pool": "",
            "enable_dns64": false,
            "enable_resource_name_dns_a_record_on_launch": true,
            "enable_resource_name_dns_aaaa_record_on_launch": false,
            "id": "subnet-048a2b9865daa08a7",
            "ipv6_cidr_block": "",
            "ipv6_cidr_block_association_id": "",
            "ipv6_native": false,
            "map_customer_owned_ip_on_launch": false,
            "map_public_ip_on_launch": true,
            "outpost_arn": "",
            "owner_id": "782863115905",
            "private_dns_hostname_type_on_launch": "ip-name",
            "tags": {
              "Name": "bboys-public-us-east-1b"
            },
            "tags_all": {
              "Name": "bboys-public-us-east-1b"
            },
            "timeouts": null,
            "vpc_id": "vpc-032e0a4897936137f"
          },
          "sensitive_attributes": [],
          "private": "eyJlMmJmYjczMC1lY2FhLTExZTYtOGY4OC0zNDM2M2JjN2M0YzAiOnsiY3JlYXRlIjo2MDAwMDAwMDAwMDAsImRlbGV0ZSI6MTIwMDAwMDAwMDAwMH0sInNjaGVtYV92ZXJzaW9uIjoiMSJ9",
          "dependencies": [
            "aws_vpc.bboys-vpc",
            "data.aws_availability_zones.name"
          ]
        }
      ]
    },
    {
      "mode": "managed",
      "type": "aws_vpc",
      "name": "bboys-vpc",
      "provider": "provider[\"registry.terraform.io/hashicorp/aws\"]",
      "instances": [
        {
          "schema_version": 1,
          "attributes": {
            "arn": "arn:aws:ec2:us-east-1:782863115905:vpc/vpc-032e0a4897936137f",
            "assign_generated_ipv6_cidr_block": false,
            "cidr_block": "10.1.0.0/24",
            "default_network_acl_id": "acl-02f6d5f72085344d7",
            "default_route_table_id": "rtb-0056995c6c9b7af25",
            "default_security_group_id": "sg-0c00e71713e525bdf",
            "dhcp_options_id": "dopt-04b46d2964e3827c1",
            "enable_classiclink": false,
            "enable_classiclink_dns_support": false,
            "enable_dns_hostnames": true,
            "enable_dns_support": true,
            "enable_network_address_usage_metrics": false,
            "id": "vpc-032e0a4897936137f",
            "instance_tenancy": "default",
            "ipv4_ipam_pool_id": null,
            "ipv4_netmask_length": null,
            "ipv6_association_id": "",
            "ipv6_cidr_block": "",
            "ipv6_cidr_block_network_border_group": "",
            "ipv6_ipam_pool_id": "",
            "ipv6_netmask_length": 0,
            "main_route_table_id": "rtb-0056995c6c9b7af25",
            "owner_id": "782863115905",
            "tags": {
              "Name": "bboys-vpc",
              "name": "bboys-vpc"
            },
            "tags_all": {
              "Name": "bboys-vpc",
              "name": "bboys-vpc"
            }
          },
          "sensitive_attributes": [],
          "private": "eyJzY2hlbWFfdmVyc2lvbiI6IjEifQ=="
        }
      ]
    },
    {
      "mode": "managed",
      "type": "aws_vpc_endpoint",
      "name": "s3",
      "provider": "provider[\"registry.terraform.io/hashicorp/aws\"]",
      "instances": [
        {
          "schema_version": 0,
          "attributes": {
            "arn": "arn:aws:ec2:us-east-1:782863115905:vpc-endpoint/vpce-06ff2b8f6263441cb",
            "auto_accept": null,
            "cidr_blocks": [
              "16.182.0.0/16",
              "18.34.0.0/19",
              "52.216.0.0/15",
              "54.231.0.0/16",
              "3.5.0.0/19",
              "18.34.232.0/21"
            ],
            "dns_entry": [],
            "dns_options": [],
            "id": "vpce-06ff2b8f6263441cb",
            "ip_address_type": "",
            "network_interface_ids": [],
            "owner_id": "782863115905",
            "policy": "{\"Statement\":[{\"Action\":\"*\",\"Effect\":\"Allow\",\"Principal\":\"*\",\"Resource\":\"*\"}],\"Version\":\"2008-10-17\"}",
            "prefix_list_id": "pl-63a5400a",
            "private_dns_enabled": false,
            "requester_managed": false,
            "route_table_ids": [],
            "security_group_ids": [],
            "service_name": "com.amazonaws.us-east-1.s3",
            "state": "available",
            "subnet_ids": [],
            "tags": {
              "Name": "bboys-S3-Endpoint"
            },
            "tags_all": {
              "Name": "bboys-S3-Endpoint"
            },
            "timeouts": null,
            "vpc_endpoint_type": "Gateway",
            "vpc_id": "vpc-032e0a4897936137f"
          },
          "sensitive_attributes": [],
          "private": "eyJlMmJmYjczMC1lY2FhLTExZTYtOGY4OC0zNDM2M2JjN2M0YzAiOnsiY3JlYXRlIjo2MDAwMDAwMDAwMDAsImRlbGV0ZSI6NjAwMDAwMDAwMDAwLCJ1cGRhdGUiOjYwMDAwMDAwMDAwMH19",
          "dependencies": [
            "aws_vpc.bboys-vpc"
          ]
        }
      ]
    },
    {
      "mode": "managed",
      "type": "aws_vpc_endpoint_policy",
      "name": "s3-endpoint-policy",
      "provider": "provider[\"registry.terraform.io/hashicorp/aws\"]",
      "instances": [
        {
          "schema_version": 0,
          "attributes": {
            "id": "vpce-06ff2b8f6263441cb",
            "policy": "{\"Statement\":[{\"Action\":\"*\",\"Effect\":\"Allow\",\"Principal\":\"*\",\"Resource\":\"*\"}],\"Version\":\"2008-10-17\"}",
            "timeouts": null,
            "vpc_endpoint_id": "vpce-06ff2b8f6263441cb"
          },
          "sensitive_attributes": [],
          "private": "eyJlMmJmYjczMC1lY2FhLTExZTYtOGY4OC0zNDM2M2JjN2M0YzAiOnsiY3JlYXRlIjo2MDAwMDAwMDAwMDAsImRlbGV0ZSI6NjAwMDAwMDAwMDAwfX0=",
          "dependencies": [
            "aws_vpc.bboys-vpc",
            "aws_vpc_endpoint.s3"
          ]
        }
      ]
    },
    {
      "mode": "managed",
      "type": "aws_vpc_endpoint_route_table_association",
      "name": "s3-endpoint-main-route-association",
      "provider": "provider[\"registry.terraform.io/hashicorp/aws\"]",
      "instances": [
        {
          "schema_version": 0,
          "attributes": {
            "id": "a-vpce-06ff2b8f6263441cb2938252263",
            "route_table_id": "rtb-0056995c6c9b7af25",
            "vpc_endpoint_id": "vpce-06ff2b8f6263441cb"
          },
          "sensitive_attributes": [],
          "private": "bnVsbA==",
          "dependencies": [
            "aws_default_route_table.bboys-rt-main",
            "aws_internet_gateway.bboys-igw",
            "aws_subnet.private",
            "aws_subnet.public",
            "aws_vpc.bboys-vpc",
            "aws_vpc_endpoint.s3",
            "data.aws_availability_zones.name"
          ]
        }
      ]
    },
    {
      "mode": "managed",
      "type": "aws_vpc_endpoint_route_table_association",
      "name": "s3-endpoint-private-route-association",
      "provider": "provider[\"registry.terraform.io/hashicorp/aws\"]",
      "instances": [
        {
          "schema_version": 0,
          "attributes": {
            "id": "a-vpce-06ff2b8f6263441cb3817297706",
            "route_table_id": "rtb-0895027f07fcabdb7",
            "vpc_endpoint_id": "vpce-06ff2b8f6263441cb"
          },
          "sensitive_attributes": [],
          "private": "bnVsbA==",
          "dependencies": [
            "aws_default_route_table.bboys-rt-main",
            "aws_internet_gateway.bboys-igw",
            "aws_route_table.bboys-rt-private",
            "aws_subnet.private",
            "aws_subnet.public",
            "aws_vpc.bboys-vpc",
            "aws_vpc_endpoint.s3",
            "data.aws_availability_zones.name"
          ]
        }
      ]
    }
  ],
  "check_results": null
}
